
Microsoft Visual Studio Solution File, Format Version 12.00
# Visual Studio 15
VisualStudioVersion = 15.0.28307.421
MinimumVisualStudioVersion = 10.0.40219.1
Project("{FAE04EC0-301F-11D3-BF4B-00C04F79EFBC}") = "sistemasescolaresdata", "sistemasescolaresdata\sistemasescolaresdata.csproj", "{30A18A08-B735-4C31-9303-60B19C36DF0C}"
EndProject
Global
	GlobalSection(SolutionConfigurationPlatforms) = preSolution
		Debug|Any CPU = Debug|Any CPU
		Release|Any CPU = Release|Any CPU
	EndGlobalSection
	GlobalSection(ProjectConfigurationPlatforms) = postSolution
		{30A18A08-B735-4C31-9303-60B19C36DF0C}.Debug|Any CPU.ActiveCfg = Debug|Any CPU
		{30A18A08-B735-4C31-9303-60B19C36DF0C}.Debug|Any CPU.Build.0 = Debug|Any CPU
		{30A18A08-B735-4C31-9303-60B19C36DF0C}.Release|Any CPU.ActiveCfg = Release|Any CPU
		{30A18A08-B735-4C31-9303-60B19C36DF0C}.Release|Any CPU.Build.0 = Release|Any CPU
	EndGlobalSection
	GlobalSection(SolutionProperties) = preSolution
		HideSolutionNode = FALSE
	EndGlobalSection
	GlobalSection(ExtensibilityGlobals) = postSolution
		SolutionGuid = {DB268E16-BEC2-468C-8992-9ACCEB9D3EFC}
	EndGlobalSection
EndGlobal
